
Microsoft Visual Studio Solution File, Format Version 12.00
# Visual Studio Version 17
VisualStudioVersion = 17.10.34817.170
MinimumVisualStudioVersion = 10.0.40219.1
Project("{FAE04EC0-301F-11D3-BF4B-00C04F79EFBC}") = "ConsoleApp7", "ConsoleApp7\ConsoleApp7.csproj", "{D9CD181F-2F12-41A4-A2D8-D1FEA9879D31}"
EndProject
Global
	GlobalSection(SolutionConfigurationPlatforms) = preSolution
		Debug|Any CPU = Debug|Any CPU
		Release|Any CPU = Release|Any CPU
	EndGlobalSection
	GlobalSection(ProjectConfigurationPlatforms) = postSolution
		{D9CD181F-2F12-41A4-A2D8-D1FEA9879D31}.Debug|Any CPU.ActiveCfg = Debug|Any CPU
		{D9CD181F-2F12-41A4-A2D8-D1FEA9879D31}.Debug|Any CPU.Build.0 = Debug|Any CPU
		{D9CD181F-2F12-41A4-A2D8-D1FEA9879D31}.Release|Any CPU.ActiveCfg = Release|Any CPU
		{D9CD181F-2F12-41A4-A2D8-D1FEA9879D31}.Release|Any CPU.Build.0 = Release|Any CPU
	EndGlobalSection
	GlobalSection(SolutionProperties) = preSolution
		HideSolutionNode = FALSE
	EndGlobalSection
	GlobalSection(ExtensibilityGlobals) = postSolution
		SolutionGuid = {FAA8B862-7B52-45BC-B321-11343C6B594E}
	EndGlobalSection
EndGlobal
